
Microsoft Visual Studio Solution File, Format Version 12.00
# Visual Studio Version 17
VisualStudioVersion = 17.2.32526.322
MinimumVisualStudioVersion = 10.0.40219.1
Project("{FAE04EC0-301F-11D3-BF4B-00C04F79EFBC}") = "nmrk.project.a", "nmrk.project.a.csproj", "{F79993CD-9C40-4119-91D5-7909047DEF5A}"
EndProject
Global
	GlobalSection(SolutionConfigurationPlatforms) = preSolution
		Debug|Any CPU = Debug|Any CPU
		Release|Any CPU = Release|Any CPU
	EndGlobalSection
	GlobalSection(ProjectConfigurationPlatforms) = postSolution
		{F79993CD-9C40-4119-91D5-7909047DEF5A}.Debug|Any CPU.ActiveCfg = Debug|Any CPU
		{F79993CD-9C40-4119-91D5-7909047DEF5A}.Debug|Any CPU.Build.0 = Debug|Any CPU
		{F79993CD-9C40-4119-91D5-7909047DEF5A}.Release|Any CPU.ActiveCfg = Release|Any CPU
		{F79993CD-9C40-4119-91D5-7909047DEF5A}.Release|Any CPU.Build.0 = Release|Any CPU
	EndGlobalSection
	GlobalSection(SolutionProperties) = preSolution
		HideSolutionNode = FALSE
	EndGlobalSection
	GlobalSection(ExtensibilityGlobals) = postSolution
		SolutionGuid = {B3094962-D4D9-40EB-99A7-8F6D9952156F}
	EndGlobalSection
EndGlobal
